
Microsoft Visual Studio Solution File, Format Version 12.00
# Visual Studio Version 16
VisualStudioVersion = 16.0.32106.194
MinimumVisualStudioVersion = 10.0.40219.1
Project("{2150E333-8FDC-42A3-9474-1A3956D46DE8}") = "Web Sockets", "Web Sockets", "{803B1657-F38F-454A-84B9-61DE55A2C439}"
EndProject
Project("{2150E333-8FDC-42A3-9474-1A3956D46DE8}") = "Console Socket", "Console Socket", "{E0EA5379-8713-43D6-A140-93041FFCE81C}"
EndProject
Project("{9A19103F-16F7-4668-BE54-9A1E7A4F7556}") = "TcpServer", "TcpServer\TcpServer.csproj", "{8608414F-696C-44CF-A1F2-EC6C67DD3DFD}"
EndProject
Project("{9A19103F-16F7-4668-BE54-9A1E7A4F7556}") = "TcpClient", "TcpClient\TcpClient.csproj", "{23F21267-9AE5-441A-AC08-872ACB581380}"
EndProject
Project("{9A19103F-16F7-4668-BE54-9A1E7A4F7556}") = "TcpClientTwo", "TcpClientTwo\TcpClientTwo.csproj", "{3045C411-AE01-4D6C-A0F8-83054115E3D5}"
EndProject
Project("{2150E333-8FDC-42A3-9474-1A3956D46DE8}") = "Tcp_Listener_Client", "Tcp_Listener_Client", "{9BB0659F-E60C-4245-B393-BF95D9D94DD1}"
EndProject
Project("{9A19103F-16F7-4668-BE54-9A1E7A4F7556}") = "TcpClientExample", "TcpClientExample\TcpClientExample.csproj", "{649C325C-6C70-48AD-A156-66D44B334AA7}"
EndProject
Project("{9A19103F-16F7-4668-BE54-9A1E7A4F7556}") = "TcpListenerExample", "TcpListenerExample\TcpListenerExample.csproj", "{BF7EC247-77A6-4CE2-A473-D5BADC307AFF}"
EndProject
Project("{2150E333-8FDC-42A3-9474-1A3956D46DE8}") = "Simplex Connection", "Simplex Connection", "{8C2D107D-8597-478D-B33C-F7314A1417F7}"
EndProject
Project("{9A19103F-16F7-4668-BE54-9A1E7A4F7556}") = "TCP_Listener", "TCP_Listener\TCP_Listener.csproj", "{62CED4DD-7A81-4A59-BF21-8DECF8FFFBC2}"
EndProject
Project("{9A19103F-16F7-4668-BE54-9A1E7A4F7556}") = "TCP_Client", "TCP_Client\TCP_Client.csproj", "{D50E8C0E-F17F-4DFD-A4D6-3AD0C3EBCB0D}"
EndProject
Project("{9A19103F-16F7-4668-BE54-9A1E7A4F7556}") = "TCP_Client_Two", "TCP_Client_Two\TCP_Client_Two.csproj", "{B0EDF234-4725-407D-9E09-72C900F1653A}"
EndProject
Project("{2150E333-8FDC-42A3-9474-1A3956D46DE8}") = "Duplex Connection", "Duplex Connection", "{2F24CE1D-8398-4F32-8130-CBD0F77599A7}"
EndProject
Project("{9A19103F-16F7-4668-BE54-9A1E7A4F7556}") = "TCP_Duplex_Listener", "TCP_Duplex_Listener\TCP_Duplex_Listener.csproj", "{9E9B685C-9F16-4713-8E9F-5BABB5762391}"
EndProject
Project("{9A19103F-16F7-4668-BE54-9A1E7A4F7556}") = "TCP_Duplex_Client", "TCP_Duplex_Client\TCP_Duplex_Client.csproj", "{93DAA1C0-5974-408A-B0B3-0A3B3D2E080F}"
EndProject
Project("{2150E333-8FDC-42A3-9474-1A3956D46DE8}") = "Async TCP App", "Async TCP App", "{F920A321-5C52-46A4-9C98-2D662029C8CD}"
EndProject
Project("{9A19103F-16F7-4668-BE54-9A1E7A4F7556}") = "Async_Tcp_Listener", "Async_Tcp_Listener\Async_Tcp_Listener.csproj", "{469A5EDE-7488-4FE2-9FDE-0497931761DE}"
EndProject
Project("{9A19103F-16F7-4668-BE54-9A1E7A4F7556}") = "First_Tcp_Client", "First_Tcp_Client\First_Tcp_Client.csproj", "{BA1185B3-22E2-4CF9-8D75-4890A9290841}"
EndProject
Project("{9A19103F-16F7-4668-BE54-9A1E7A4F7556}") = "Second_Tcp_Client", "Second_Tcp_Client\Second_Tcp_Client.csproj", "{76E70EA1-417C-41E1-8A61-B3B2A0BBDC81}"
EndProject
Project("{2150E333-8FDC-42A3-9474-1A3956D46DE8}") = "Console TCP Chat", "Console TCP Chat", "{FFF773D4-FBAA-4686-B00B-3B9126DDBDD4}"
EndProject
Project("{9A19103F-16F7-4668-BE54-9A1E7A4F7556}") = "Chat_Server", "Chat_Server\Chat_Server.csproj", "{839E7D37-6459-40C9-9EE2-242E432AA2D3}"
EndProject
Project("{2150E333-8FDC-42A3-9474-1A3956D46DE8}") = "Clients", "Clients", "{7DDFDD2D-ACE9-4E16-B582-C450C779EC02}"
EndProject
Project("{9A19103F-16F7-4668-BE54-9A1E7A4F7556}") = "Chat_Client", "Chat_Client\Chat_Client.csproj", "{DD2782E4-47D6-4ACD-95E3-5455C9B84158}"
EndProject
Project("{9A19103F-16F7-4668-BE54-9A1E7A4F7556}") = "Chat_Client_2", "Chat_Client_2\Chat_Client_2.csproj", "{90079A3C-88BC-4BFB-B033-0A28A42E6607}"
EndProject
Project("{2150E333-8FDC-42A3-9474-1A3956D46DE8}") = "Web Socket Chat", "Web Socket Chat", "{AC3230AD-F360-4E8E-95F2-C2AF1B260247}"
EndProject
Project("{2150E333-8FDC-42A3-9474-1A3956D46DE8}") = "users", "users", "{BA38EACF-AB58-45DC-9C22-FA9D5595AEDA}"
EndProject
Project("{9A19103F-16F7-4668-BE54-9A1E7A4F7556}") = "Server", "Server\Server.csproj", "{D7462D0B-B37A-4787-8C3C-A33CD73CADC6}"
EndProject
Project("{9A19103F-16F7-4668-BE54-9A1E7A4F7556}") = "Exam_Comission_User_1", "Exam_Comission_User_1\Exam_Comission_User_1.csproj", "{925A5320-BE86-430C-ABD3-4D39E91AED88}"
EndProject
Project("{9A19103F-16F7-4668-BE54-9A1E7A4F7556}") = "Exam_Comission_User_2", "Exam_Comission_User_2\Exam_Comission_User_2.csproj", "{12F8B9E5-4306-437A-9DC5-FE6699BD6241}"
EndProject
Project("{2150E333-8FDC-42A3-9474-1A3956D46DE8}") = "SignalR App", "SignalR App", "{A97C42A7-53EB-4135-81A0-423D4F499BD8}"
EndProject
Project("{2150E333-8FDC-42A3-9474-1A3956D46DE8}") = "First Attempt", "First Attempt", "{785AD601-0D5D-42C1-9913-D38112E3A58F}"
EndProject
Project("{9A19103F-16F7-4668-BE54-9A1E7A4F7556}") = "SimpleChat", "SimpleChat\SimpleChat.csproj", "{8E42C5C9-DAA4-451F-91EB-92970B464E42}"
EndProject
Project("{9A19103F-16F7-4668-BE54-9A1E7A4F7556}") = "SignalR_Authentication", "SignalR_Authentication\SignalR_Authentication.csproj", "{3FE5DA69-0693-4724-90A8-46F7BF895630}"
EndProject
Global
	GlobalSection(SolutionConfigurationPlatforms) = preSolution
		Debug|Any CPU = Debug|Any CPU
		Release|Any CPU = Release|Any CPU
	EndGlobalSection
	GlobalSection(ProjectConfigurationPlatforms) = postSolution
		{8608414F-696C-44CF-A1F2-EC6C67DD3DFD}.Debug|Any CPU.ActiveCfg = Debug|Any CPU
		{8608414F-696C-44CF-A1F2-EC6C67DD3DFD}.Debug|Any CPU.Build.0 = Debug|Any CPU
		{8608414F-696C-44CF-A1F2-EC6C67DD3DFD}.Release|Any CPU.ActiveCfg = Release|Any CPU
		{8608414F-696C-44CF-A1F2-EC6C67DD3DFD}.Release|Any CPU.Build.0 = Release|Any CPU
		{23F21267-9AE5-441A-AC08-872ACB581380}.Debug|Any CPU.ActiveCfg = Debug|Any CPU
		{23F21267-9AE5-441A-AC08-872ACB581380}.Debug|Any CPU.Build.0 = Debug|Any CPU
		{23F21267-9AE5-441A-AC08-872ACB581380}.Release|Any CPU.ActiveCfg = Release|Any CPU
		{23F21267-9AE5-441A-AC08-872ACB581380}.Release|Any CPU.Build.0 = Release|Any CPU
		{3045C411-AE01-4D6C-A0F8-83054115E3D5}.Debug|Any CPU.ActiveCfg = Debug|Any CPU
		{3045C411-AE01-4D6C-A0F8-83054115E3D5}.Debug|Any CPU.Build.0 = Debug|Any CPU
		{3045C411-AE01-4D6C-A0F8-83054115E3D5}.Release|Any CPU.ActiveCfg = Release|Any CPU
		{3045C411-AE01-4D6C-A0F8-83054115E3D5}.Release|Any CPU.Build.0 = Release|Any CPU
		{649C325C-6C70-48AD-A156-66D44B334AA7}.Debug|Any CPU.ActiveCfg = Debug|Any CPU
		{649C325C-6C70-48AD-A156-66D44B334AA7}.Debug|Any CPU.Build.0 = Debug|Any CPU
		{649C325C-6C70-48AD-A156-66D44B334AA7}.Release|Any CPU.ActiveCfg = Release|Any CPU
		{649C325C-6C70-48AD-A156-66D44B334AA7}.Release|Any CPU.Build.0 = Release|Any CPU
		{BF7EC247-77A6-4CE2-A473-D5BADC307AFF}.Debug|Any CPU.ActiveCfg = Debug|Any CPU
		{BF7EC247-77A6-4CE2-A473-D5BADC307AFF}.Debug|Any CPU.Build.0 = Debug|Any CPU
		{BF7EC247-77A6-4CE2-A473-D5BADC307AFF}.Release|Any CPU.ActiveCfg = Release|Any CPU
		{BF7EC247-77A6-4CE2-A473-D5BADC307AFF}.Release|Any CPU.Build.0 = Release|Any CPU
		{62CED4DD-7A81-4A59-BF21-8DECF8FFFBC2}.Debug|Any CPU.ActiveCfg = Debug|Any CPU
		{62CED4DD-7A81-4A59-BF21-8DECF8FFFBC2}.Debug|Any CPU.Build.0 = Debug|Any CPU
		{62CED4DD-7A81-4A59-BF21-8DECF8FFFBC2}.Release|Any CPU.ActiveCfg = Release|Any CPU
		{62CED4DD-7A81-4A59-BF21-8DECF8FFFBC2}.Release|Any CPU.Build.0 = Release|Any CPU
		{D50E8C0E-F17F-4DFD-A4D6-3AD0C3EBCB0D}.Debug|Any CPU.ActiveCfg = Debug|Any CPU
		{D50E8C0E-F17F-4DFD-A4D6-3AD0C3EBCB0D}.Debug|Any CPU.Build.0 = Debug|Any CPU
		{D50E8C0E-F17F-4DFD-A4D6-3AD0C3EBCB0D}.Release|Any CPU.ActiveCfg = Release|Any CPU
		{D50E8C0E-F17F-4DFD-A4D6-3AD0C3EBCB0D}.Release|Any CPU.Build.0 = Release|Any CPU
		{B0EDF234-4725-407D-9E09-72C900F1653A}.Debug|Any CPU.ActiveCfg = Debug|Any CPU
		{B0EDF234-4725-407D-9E09-72C900F1653A}.Debug|Any CPU.Build.0 = Debug|Any CPU
		{B0EDF234-4725-407D-9E09-72C900F1653A}.Release|Any CPU.ActiveCfg = Release|Any CPU
		{B0EDF234-4725-407D-9E09-72C900F1653A}.Release|Any CPU.Build.0 = Release|Any CPU
		{9E9B685C-9F16-4713-8E9F-5BABB5762391}.Debug|Any CPU.ActiveCfg = Debug|Any CPU
		{9E9B685C-9F16-4713-8E9F-5BABB5762391}.Debug|Any CPU.Build.0 = Debug|Any CPU
		{9E9B685C-9F16-4713-8E9F-5BABB5762391}.Release|Any CPU.ActiveCfg = Release|Any CPU
		{9E9B685C-9F16-4713-8E9F-5BABB5762391}.Release|Any CPU.Build.0 = Release|Any CPU
		{93DAA1C0-5974-408A-B0B3-0A3B3D2E080F}.Debug|Any CPU.ActiveCfg = Debug|Any CPU
		{93DAA1C0-5974-408A-B0B3-0A3B3D2E080F}.Debug|Any CPU.Build.0 = Debug|Any CPU
		{93DAA1C0-5974-408A-B0B3-0A3B3D2E080F}.Release|Any CPU.ActiveCfg = Release|Any CPU
		{93DAA1C0-5974-408A-B0B3-0A3B3D2E080F}.Release|Any CPU.Build.0 = Release|Any CPU
		{469A5EDE-7488-4FE2-9FDE-0497931761DE}.Debug|Any CPU.ActiveCfg = Debug|Any CPU
		{469A5EDE-7488-4FE2-9FDE-0497931761DE}.Debug|Any CPU.Build.0 = Debug|Any CPU
		{469A5EDE-7488-4FE2-9FDE-0497931761DE}.Release|Any CPU.ActiveCfg = Release|Any CPU
		{469A5EDE-7488-4FE2-9FDE-0497931761DE}.Release|Any CPU.Build.0 = Release|Any CPU
		{BA1185B3-22E2-4CF9-8D75-4890A9290841}.Debug|Any CPU.ActiveCfg = Debug|Any CPU
		{BA1185B3-22E2-4CF9-8D75-4890A9290841}.Debug|Any CPU.Build.0 = Debug|Any CPU
		{BA1185B3-22E2-4CF9-8D75-4890A9290841}.Release|Any CPU.ActiveCfg = Release|Any CPU
		{BA1185B3-22E2-4CF9-8D75-4890A9290841}.Release|Any CPU.Build.0 = Release|Any CPU
		{76E70EA1-417C-41E1-8A61-B3B2A0BBDC81}.Debug|Any CPU.ActiveCfg = Debug|Any CPU
		{76E70EA1-417C-41E1-8A61-B3B2A0BBDC81}.Debug|Any CPU.Build.0 = Debug|Any CPU
		{76E70EA1-417C-41E1-8A61-B3B2A0BBDC81}.Release|Any CPU.ActiveCfg = Release|Any CPU
		{76E70EA1-417C-41E1-8A61-B3B2A0BBDC81}.Release|Any CPU.Build.0 = Release|Any CPU
		{839E7D37-6459-40C9-9EE2-242E432AA2D3}.Debug|Any CPU.ActiveCfg = Debug|Any CPU
		{839E7D37-6459-40C9-9EE2-242E432AA2D3}.Debug|Any CPU.Build.0 = Debug|Any CPU
		{839E7D37-6459-40C9-9EE2-242E432AA2D3}.Release|Any CPU.ActiveCfg = Release|Any CPU
		{839E7D37-6459-40C9-9EE2-242E432AA2D3}.Release|Any CPU.Build.0 = Release|Any CPU
		{DD2782E4-47D6-4ACD-95E3-5455C9B84158}.Debug|Any CPU.ActiveCfg = Debug|Any CPU
		{DD2782E4-47D6-4ACD-95E3-5455C9B84158}.Debug|Any CPU.Build.0 = Debug|Any CPU
		{DD2782E4-47D6-4ACD-95E3-5455C9B84158}.Release|Any CPU.ActiveCfg = Release|Any CPU
		{DD2782E4-47D6-4ACD-95E3-5455C9B84158}.Release|Any CPU.Build.0 = Release|Any CPU
		{90079A3C-88BC-4BFB-B033-0A28A42E6607}.Debug|Any CPU.ActiveCfg = Debug|Any CPU
		{90079A3C-88BC-4BFB-B033-0A28A42E6607}.Debug|Any CPU.Build.0 = Debug|Any CPU
		{90079A3C-88BC-4BFB-B033-0A28A42E6607}.Release|Any CPU.ActiveCfg = Release|Any CPU
		{90079A3C-88BC-4BFB-B033-0A28A42E6607}.Release|Any CPU.Build.0 = Release|Any CPU
		{D7462D0B-B37A-4787-8C3C-A33CD73CADC6}.Debug|Any CPU.ActiveCfg = Debug|Any CPU
		{D7462D0B-B37A-4787-8C3C-A33CD73CADC6}.Debug|Any CPU.Build.0 = Debug|Any CPU
		{D7462D0B-B37A-4787-8C3C-A33CD73CADC6}.Release|Any CPU.ActiveCfg = Release|Any CPU
		{D7462D0B-B37A-4787-8C3C-A33CD73CADC6}.Release|Any CPU.Build.0 = Release|Any CPU
		{925A5320-BE86-430C-ABD3-4D39E91AED88}.Debug|Any CPU.ActiveCfg = Debug|Any CPU
		{925A5320-BE86-430C-ABD3-4D39E91AED88}.Debug|Any CPU.Build.0 = Debug|Any CPU
		{925A5320-BE86-430C-ABD3-4D39E91AED88}.Release|Any CPU.ActiveCfg = Release|Any CPU
		{925A5320-BE86-430C-ABD3-4D39E91AED88}.Release|Any CPU.Build.0 = Release|Any CPU
		{12F8B9E5-4306-437A-9DC5-FE6699BD6241}.Debug|Any CPU.ActiveCfg = Debug|Any CPU
		{12F8B9E5-4306-437A-9DC5-FE6699BD6241}.Debug|Any CPU.Build.0 = Debug|Any CPU
		{12F8B9E5-4306-437A-9DC5-FE6699BD6241}.Release|Any CPU.ActiveCfg = Release|Any CPU
		{12F8B9E5-4306-437A-9DC5-FE6699BD6241}.Release|Any CPU.Build.0 = Release|Any CPU
		{8E42C5C9-DAA4-451F-91EB-92970B464E42}.Debug|Any CPU.ActiveCfg = Debug|Any CPU
		{8E42C5C9-DAA4-451F-91EB-92970B464E42}.Debug|Any CPU.Build.0 = Debug|Any CPU
		{8E42C5C9-DAA4-451F-91EB-92970B464E42}.Release|Any CPU.ActiveCfg = Release|Any CPU
		{8E42C5C9-DAA4-451F-91EB-92970B464E42}.Release|Any CPU.Build.0 = Release|Any CPU
		{3FE5DA69-0693-4724-90A8-46F7BF895630}.Debug|Any CPU.ActiveCfg = Debug|Any CPU
		{3FE5DA69-0693-4724-90A8-46F7BF895630}.Debug|Any CPU.Build.0 = Debug|Any CPU
		{3FE5DA69-0693-4724-90A8-46F7BF895630}.Release|Any CPU.ActiveCfg = Release|Any CPU
		{3FE5DA69-0693-4724-90A8-46F7BF895630}.Release|Any CPU.Build.0 = Release|Any CPU
	EndGlobalSection
	GlobalSection(SolutionProperties) = preSolution
		HideSolutionNode = FALSE
	EndGlobalSection
	GlobalSection(NestedProjects) = preSolution
		{E0EA5379-8713-43D6-A140-93041FFCE81C} = {803B1657-F38F-454A-84B9-61DE55A2C439}
		{8608414F-696C-44CF-A1F2-EC6C67DD3DFD} = {E0EA5379-8713-43D6-A140-93041FFCE81C}
		{23F21267-9AE5-441A-AC08-872ACB581380} = {E0EA5379-8713-43D6-A140-93041FFCE81C}
		{3045C411-AE01-4D6C-A0F8-83054115E3D5} = {E0EA5379-8713-43D6-A140-93041FFCE81C}
		{9BB0659F-E60C-4245-B393-BF95D9D94DD1} = {803B1657-F38F-454A-84B9-61DE55A2C439}
		{649C325C-6C70-48AD-A156-66D44B334AA7} = {9BB0659F-E60C-4245-B393-BF95D9D94DD1}
		{BF7EC247-77A6-4CE2-A473-D5BADC307AFF} = {9BB0659F-E60C-4245-B393-BF95D9D94DD1}
		{8C2D107D-8597-478D-B33C-F7314A1417F7} = {9BB0659F-E60C-4245-B393-BF95D9D94DD1}
		{62CED4DD-7A81-4A59-BF21-8DECF8FFFBC2} = {8C2D107D-8597-478D-B33C-F7314A1417F7}
		{D50E8C0E-F17F-4DFD-A4D6-3AD0C3EBCB0D} = {8C2D107D-8597-478D-B33C-F7314A1417F7}
		{B0EDF234-4725-407D-9E09-72C900F1653A} = {8C2D107D-8597-478D-B33C-F7314A1417F7}
		{2F24CE1D-8398-4F32-8130-CBD0F77599A7} = {9BB0659F-E60C-4245-B393-BF95D9D94DD1}
		{9E9B685C-9F16-4713-8E9F-5BABB5762391} = {2F24CE1D-8398-4F32-8130-CBD0F77599A7}
		{93DAA1C0-5974-408A-B0B3-0A3B3D2E080F} = {2F24CE1D-8398-4F32-8130-CBD0F77599A7}
		{F920A321-5C52-46A4-9C98-2D662029C8CD} = {9BB0659F-E60C-4245-B393-BF95D9D94DD1}
		{469A5EDE-7488-4FE2-9FDE-0497931761DE} = {F920A321-5C52-46A4-9C98-2D662029C8CD}
		{BA1185B3-22E2-4CF9-8D75-4890A9290841} = {F920A321-5C52-46A4-9C98-2D662029C8CD}
		{76E70EA1-417C-41E1-8A61-B3B2A0BBDC81} = {F920A321-5C52-46A4-9C98-2D662029C8CD}
		{FFF773D4-FBAA-4686-B00B-3B9126DDBDD4} = {803B1657-F38F-454A-84B9-61DE55A2C439}
		{839E7D37-6459-40C9-9EE2-242E432AA2D3} = {FFF773D4-FBAA-4686-B00B-3B9126DDBDD4}
		{7DDFDD2D-ACE9-4E16-B582-C450C779EC02} = {FFF773D4-FBAA-4686-B00B-3B9126DDBDD4}
		{DD2782E4-47D6-4ACD-95E3-5455C9B84158} = {7DDFDD2D-ACE9-4E16-B582-C450C779EC02}
		{90079A3C-88BC-4BFB-B033-0A28A42E6607} = {7DDFDD2D-ACE9-4E16-B582-C450C779EC02}
		{AC3230AD-F360-4E8E-95F2-C2AF1B260247} = {803B1657-F38F-454A-84B9-61DE55A2C439}
		{BA38EACF-AB58-45DC-9C22-FA9D5595AEDA} = {AC3230AD-F360-4E8E-95F2-C2AF1B260247}
		{D7462D0B-B37A-4787-8C3C-A33CD73CADC6} = {AC3230AD-F360-4E8E-95F2-C2AF1B260247}
		{925A5320-BE86-430C-ABD3-4D39E91AED88} = {BA38EACF-AB58-45DC-9C22-FA9D5595AEDA}
		{12F8B9E5-4306-437A-9DC5-FE6699BD6241} = {BA38EACF-AB58-45DC-9C22-FA9D5595AEDA}
		{785AD601-0D5D-42C1-9913-D38112E3A58F} = {A97C42A7-53EB-4135-81A0-423D4F499BD8}
		{8E42C5C9-DAA4-451F-91EB-92970B464E42} = {785AD601-0D5D-42C1-9913-D38112E3A58F}
		{3FE5DA69-0693-4724-90A8-46F7BF895630} = {785AD601-0D5D-42C1-9913-D38112E3A58F}
	EndGlobalSection
	GlobalSection(ExtensibilityGlobals) = postSolution
		SolutionGuid = {B52C1BD0-6398-46B3-B41D-4B3DC032B5CD}
	EndGlobalSection
EndGlobal
